// !$*UTF8*$!
{
	archiveVersion = 1;
	classes = {
	};
	objectVersion = 56;
	objects = {

/* Begin PBXBuildFile section */
		B718E0E92A05409D00EA29D4 /* MagiView.swift in Sources */ = {isa = PBXBuildFile; fileRef = B718E0E82A05409D00EA29D4 /* MagiView.swift */; };
		B718E0EB2A05410800EA29D4 /* Entity.swift in Sources */ = {isa = PBXBuildFile; fileRef = B718E0EA2A05410800EA29D4 /* Entity.swift */; };
		B718E0ED2A05412F00EA29D4 /* MagiEntityStage.swift in Sources */ = {isa = PBXBuildFile; fileRef = B718E0EC2A05412F00EA29D4 /* MagiEntityStage.swift */; };
		B72A79FE29D5399E00BE4163 /* Snapshot.swift in Sources */ = {isa = PBXBuildFile; fileRef = B72A79FD29D5399E00BE4163 /* Snapshot.swift */; };
		B72A7A0029D539FA00BE4163 /* ChatController.swift in Sources */ = {isa = PBXBuildFile; fileRef = B72A79FF29D539FA00BE4163 /* ChatController.swift */; };
		B72A7A0229D53E7D00BE4163 /* AppError.swift in Sources */ = {isa = PBXBuildFile; fileRef = B72A7A0129D53E7D00BE4163 /* AppError.swift */; };
		B72A7A0429D5407300BE4163 /* SnapshotListView.swift in Sources */ = {isa = PBXBuildFile; fileRef = B72A7A0329D5407300BE4163 /* SnapshotListView.swift */; };
		B72A7A0629D669A700BE4163 /* ChatRequest.swift in Sources */ = {isa = PBXBuildFile; fileRef = B72A7A0529D669A700BE4163 /* ChatRequest.swift */; };
		B72A7A0829D66B2900BE4163 /* ChatControllerState.swift in Sources */ = {isa = PBXBuildFile; fileRef = B72A7A0729D66B2900BE4163 /* ChatControllerState.swift */; };
		B730F94029D28867005808D6 /* SettingsView.swift in Sources */ = {isa = PBXBuildFile; fileRef = B730F93F29D28867005808D6 /* SettingsView.swift */; };
		B73CB07629C662600047831E /* WithAssistApp.swift in Sources */ = {isa = PBXBuildFile; fileRef = B73CB07529C662600047831E /* WithAssistApp.swift */; };
		B73CB07829C662600047831E /* ChatPreviews.swift in Sources */ = {isa = PBXBuildFile; fileRef = B73CB07729C662600047831E /* ChatPreviews.swift */; };
		B73CB07A29C662610047831E /* Assets.xcassets in Resources */ = {isa = PBXBuildFile; fileRef = B73CB07929C662610047831E /* Assets.xcassets */; };
		B73CB07E29C662610047831E /* Preview Assets.xcassets in Resources */ = {isa = PBXBuildFile; fileRef = B73CB07D29C662610047831E /* Preview Assets.xcassets */; };
		B73CB08829C662610047831E /* WithAssistTests.swift in Sources */ = {isa = PBXBuildFile; fileRef = B73CB08729C662610047831E /* WithAssistTests.swift */; };
		B73CB09229C662610047831E /* WithAssistUITests.swift in Sources */ = {isa = PBXBuildFile; fileRef = B73CB09129C662610047831E /* WithAssistUITests.swift */; };
		B73CB09429C662610047831E /* WithAssistUITestsLaunchTests.swift in Sources */ = {isa = PBXBuildFile; fileRef = B73CB09329C662610047831E /* WithAssistUITestsLaunchTests.swift */; };
		B73CB0A429C662980047831E /* CoreConversation.swift in Sources */ = {isa = PBXBuildFile; fileRef = B73CB0A329C662980047831E /* CoreConversation.swift */; };
		B7497FE329DBAF170030698A /* Tokens.swift in Sources */ = {isa = PBXBuildFile; fileRef = B7497FE229DBAF170030698A /* Tokens.swift */; };
		B7497FE429DBAF210030698A /* Tokens.swift in Sources */ = {isa = PBXBuildFile; fileRef = B7497FE229DBAF170030698A /* Tokens.swift */; };
		B74CB94D29FC8F070070D163 /* EditView.swift in Sources */ = {isa = PBXBuildFile; fileRef = B74CB94C29FC8F070070D163 /* EditView.swift */; };
		B76956E72A01DEBF0040022B /* MagiTests.swift in Sources */ = {isa = PBXBuildFile; fileRef = B76956E62A01DEBF0040022B /* MagiTests.swift */; };
		B76956EA2A0216320040022B /* Magi.swift in Sources */ = {isa = PBXBuildFile; fileRef = B76956E92A0216320040022B /* Magi.swift */; };
		B7A2410829FDD19D00C81BCF /* EditView.swift in Sources */ = {isa = PBXBuildFile; fileRef = B74CB94C29FC8F070070D163 /* EditView.swift */; };
		B7B829F329DB993500550002 /* OpenAI in Frameworks */ = {isa = PBXBuildFile; productRef = B7B829F229DB993500550002 /* OpenAI */; };
		B7C2DDF329DBFC2C006CDF39 /* RichTextKit in Frameworks */ = {isa = PBXBuildFile; productRef = B7C2DDF229DBFC2C006CDF39 /* RichTextKit */; };
		B7C2DDF529DBFC2C006CDF39 /* OpenAI in Frameworks */ = {isa = PBXBuildFile; productRef = B7C2DDF429DBFC2C006CDF39 /* OpenAI */; };
		B7C8B3E929D7AF2800B53B01 /* MainAppView.swift in Sources */ = {isa = PBXBuildFile; fileRef = B7C8B3E829D7AF2800B53B01 /* MainAppView.swift */; };
		B7C8B3EB29D7AF7E00B53B01 /* ChatInputView.swift in Sources */ = {isa = PBXBuildFile; fileRef = B7C8B3EA29D7AF7E00B53B01 /* ChatInputView.swift */; };
		B7C8B3ED29D7AFA100B53B01 /* InteractionsView.swift in Sources */ = {isa = PBXBuildFile; fileRef = B7C8B3EC29D7AFA100B53B01 /* InteractionsView.swift */; };
		B7C8B3EF29D7AFC900B53B01 /* ConversationView.swift in Sources */ = {isa = PBXBuildFile; fileRef = B7C8B3EE29D7AFC900B53B01 /* ConversationView.swift */; };
		B7C8B3F129D7AFF600B53B01 /* PromptInjectorView.swift in Sources */ = {isa = PBXBuildFile; fileRef = B7C8B3F029D7AFF600B53B01 /* PromptInjectorView.swift */; };
		B7C8B3F329D9D88C00B53B01 /* Serializer.swift in Sources */ = {isa = PBXBuildFile; fileRef = B7C8B3F229D9D88C00B53B01 /* Serializer.swift */; };
		B7DBD15B29D13B9900776412 /* FileStorage.swift in Sources */ = {isa = PBXBuildFile; fileRef = B7DBD15A29D13B9900776412 /* FileStorage.swift */; };
		B7DBD15D29D1404000776412 /* CodableAppStorage.swift in Sources */ = {isa = PBXBuildFile; fileRef = B7DBD15C29D1404000776412 /* CodableAppStorage.swift */; };
		B7EB2F9A29DA34880049C4CA /* ChatPreviews.swift in Sources */ = {isa = PBXBuildFile; fileRef = B73CB07729C662600047831E /* ChatPreviews.swift */; };
		B7EB2F9B29DA34880049C4CA /* Serializer.swift in Sources */ = {isa = PBXBuildFile; fileRef = B7C8B3F229D9D88C00B53B01 /* Serializer.swift */; };
		B7EB2F9C29DA34880049C4CA /* CodableAppStorage.swift in Sources */ = {isa = PBXBuildFile; fileRef = B7DBD15C29D1404000776412 /* CodableAppStorage.swift */; };
		B7EB2F9D29DA34880049C4CA /* AppError.swift in Sources */ = {isa = PBXBuildFile; fileRef = B72A7A0129D53E7D00BE4163 /* AppError.swift */; };
		B7EB2F9E29DA34880049C4CA /* InteractionsView.swift in Sources */ = {isa = PBXBuildFile; fileRef = B7C8B3EC29D7AFA100B53B01 /* InteractionsView.swift */; };
		B7EB2F9F29DA34880049C4CA /* ChatController.swift in Sources */ = {isa = PBXBuildFile; fileRef = B72A79FF29D539FA00BE4163 /* ChatController.swift */; };
		B7EB2FA029DA34880049C4CA /* FileStorage.swift in Sources */ = {isa = PBXBuildFile; fileRef = B7DBD15A29D13B9900776412 /* FileStorage.swift */; };
		B7EB2FA129DA34880049C4CA /* MainAppView.swift in Sources */ = {isa = PBXBuildFile; fileRef = B7C8B3E829D7AF2800B53B01 /* MainAppView.swift */; };
		B7EB2FA229DA34880049C4CA /* ConversationView.swift in Sources */ = {isa = PBXBuildFile; fileRef = B7C8B3EE29D7AFC900B53B01 /* ConversationView.swift */; };
		B7EB2FA329DA34880049C4CA /* SettingsView.swift in Sources */ = {isa = PBXBuildFile; fileRef = B730F93F29D28867005808D6 /* SettingsView.swift */; };
		B7EB2FA429DA34880049C4CA /* ChatRequest.swift in Sources */ = {isa = PBXBuildFile; fileRef = B72A7A0529D669A700BE4163 /* ChatRequest.swift */; };
		B7EB2FA529DA34880049C4CA /* SnapshotListView.swift in Sources */ = {isa = PBXBuildFile; fileRef = B72A7A0329D5407300BE4163 /* SnapshotListView.swift */; };
		B7EB2FA629DA34880049C4CA /* WithAssistApp.swift in Sources */ = {isa = PBXBuildFile; fileRef = B73CB07529C662600047831E /* WithAssistApp.swift */; };
		B7EB2FA729DA34880049C4CA /* ChatControllerState.swift in Sources */ = {isa = PBXBuildFile; fileRef = B72A7A0729D66B2900BE4163 /* ChatControllerState.swift */; };
		B7EB2FA829DA34880049C4CA /* CoreConversation.swift in Sources */ = {isa = PBXBuildFile; fileRef = B73CB0A329C662980047831E /* CoreConversation.swift */; };
		B7EB2FA929DA34880049C4CA /* PromptInjectorView.swift in Sources */ = {isa = PBXBuildFile; fileRef = B7C8B3F029D7AFF600B53B01 /* PromptInjectorView.swift */; };
		B7EB2FAA29DA34880049C4CA /* Snapshot.swift in Sources */ = {isa = PBXBuildFile; fileRef = B72A79FD29D5399E00BE4163 /* Snapshot.swift */; };
		B7EB2FAB29DA34880049C4CA /* ChatInputView.swift in Sources */ = {isa = PBXBuildFile; fileRef = B7C8B3EA29D7AF7E00B53B01 /* ChatInputView.swift */; };
		B7EB2FAF29DA34880049C4CA /* Preview Assets.xcassets in Resources */ = {isa = PBXBuildFile; fileRef = B73CB07D29C662610047831E /* Preview Assets.xcassets */; };
		B7EB2FB029DA34880049C4CA /* Assets.xcassets in Resources */ = {isa = PBXBuildFile; fileRef = B73CB07929C662610047831E /* Assets.xcassets */; };
		B7EB2FBD29DA66E90049C4CA /* RichTextKit in Frameworks */ = {isa = PBXBuildFile; productRef = B7EB2FBC29DA66E90049C4CA /* RichTextKit */; };
/* End PBXBuildFile section */

/* Begin PBXContainerItemProxy section */
		B73CB08429C662610047831E /* PBXContainerItemProxy */ = {
			isa = PBXContainerItemProxy;
			containerPortal = B73CB06A29C662600047831E /* Project object */;
			proxyType = 1;
			remoteGlobalIDString = B73CB07129C662600047831E;
			remoteInfo = WithAssist;
		};
		B73CB08E29C662610047831E /* PBXContainerItemProxy */ = {
			isa = PBXContainerItemProxy;
			containerPortal = B73CB06A29C662600047831E /* Project object */;
			proxyType = 1;
			remoteGlobalIDString = B73CB07129C662600047831E;
			remoteInfo = WithAssist;
		};
/* End PBXContainerItemProxy section */

/* Begin PBXFileReference section */
		B718E0E82A05409D00EA29D4 /* MagiView.swift */ = {isa = PBXFileReference; lastKnownFileType = sourcecode.swift; path = MagiView.swift; sourceTree = "<group>"; };
		B718E0EA2A05410800EA29D4 /* Entity.swift */ = {isa = PBXFileReference; lastKnownFileType = sourcecode.swift; path = Entity.swift; sourceTree = "<group>"; };
		B718E0EC2A05412F00EA29D4 /* MagiEntityStage.swift */ = {isa = PBXFileReference; lastKnownFileType = sourcecode.swift; path = MagiEntityStage.swift; sourceTree = "<group>"; };
		B72A79FD29D5399E00BE4163 /* Snapshot.swift */ = {isa = PBXFileReference; lastKnownFileType = sourcecode.swift; path = Snapshot.swift; sourceTree = "<group>"; };
		B72A79FF29D539FA00BE4163 /* ChatController.swift */ = {isa = PBXFileReference; lastKnownFileType = sourcecode.swift; path = ChatController.swift; sourceTree = "<group>"; };
		B72A7A0129D53E7D00BE4163 /* AppError.swift */ = {isa = PBXFileReference; lastKnownFileType = sourcecode.swift; path = AppError.swift; sourceTree = "<group>"; };
		B72A7A0329D5407300BE4163 /* SnapshotListView.swift */ = {isa = PBXFileReference; lastKnownFileType = sourcecode.swift; path = SnapshotListView.swift; sourceTree = "<group>"; };
		B72A7A0529D669A700BE4163 /* ChatRequest.swift */ = {isa = PBXFileReference; lastKnownFileType = sourcecode.swift; path = ChatRequest.swift; sourceTree = "<group>"; };
		B72A7A0729D66B2900BE4163 /* ChatControllerState.swift */ = {isa = PBXFileReference; lastKnownFileType = sourcecode.swift; path = ChatControllerState.swift; sourceTree = "<group>"; };
		B730F93F29D28867005808D6 /* SettingsView.swift */ = {isa = PBXFileReference; lastKnownFileType = sourcecode.swift; path = SettingsView.swift; sourceTree = "<group>"; };
		B73CB07229C662600047831E /* WithAssist.app */ = {isa = PBXFileReference; explicitFileType = wrapper.application; includeInIndex = 0; path = WithAssist.app; sourceTree = BUILT_PRODUCTS_DIR; };
		B73CB07529C662600047831E /* WithAssistApp.swift */ = {isa = PBXFileReference; lastKnownFileType = sourcecode.swift; path = WithAssistApp.swift; sourceTree = "<group>"; };
		B73CB07729C662600047831E /* ChatPreviews.swift */ = {isa = PBXFileReference; lastKnownFileType = sourcecode.swift; path = ChatPreviews.swift; sourceTree = "<group>"; };
		B73CB07929C662610047831E /* Assets.xcassets */ = {isa = PBXFileReference; lastKnownFileType = folder.assetcatalog; path = Assets.xcassets; sourceTree = "<group>"; };
		B73CB07B29C662610047831E /* WithAssist.entitlements */ = {isa = PBXFileReference; lastKnownFileType = text.plist.entitlements; path = WithAssist.entitlements; sourceTree = "<group>"; };
		B73CB07D29C662610047831E /* Preview Assets.xcassets */ = {isa = PBXFileReference; lastKnownFileType = folder.assetcatalog; path = "Preview Assets.xcassets"; sourceTree = "<group>"; };
		B73CB08329C662610047831E /* WithAssistTests.xctest */ = {isa = PBXFileReference; explicitFileType = wrapper.cfbundle; includeInIndex = 0; path = WithAssistTests.xctest; sourceTree = BUILT_PRODUCTS_DIR; };
		B73CB08729C662610047831E /* WithAssistTests.swift */ = {isa = PBXFileReference; lastKnownFileType = sourcecode.swift; path = WithAssistTests.swift; sourceTree = "<group>"; };
		B73CB08D29C662610047831E /* WithAssistUITests.xctest */ = {isa = PBXFileReference; explicitFileType = wrapper.cfbundle; includeInIndex = 0; path = WithAssistUITests.xctest; sourceTree = BUILT_PRODUCTS_DIR; };
		B73CB09129C662610047831E /* WithAssistUITests.swift */ = {isa = PBXFileReference; lastKnownFileType = sourcecode.swift; path = WithAssistUITests.swift; sourceTree = "<group>"; };
		B73CB09329C662610047831E /* WithAssistUITestsLaunchTests.swift */ = {isa = PBXFileReference; lastKnownFileType = sourcecode.swift; path = WithAssistUITestsLaunchTests.swift; sourceTree = "<group>"; };
		B73CB0A329C662980047831E /* CoreConversation.swift */ = {isa = PBXFileReference; lastKnownFileType = sourcecode.swift; path = CoreConversation.swift; sourceTree = "<group>"; };
		B7497FE229DBAF170030698A /* Tokens.swift */ = {isa = PBXFileReference; lastKnownFileType = sourcecode.swift; path = Tokens.swift; sourceTree = "<group>"; };
		B74CB94C29FC8F070070D163 /* EditView.swift */ = {isa = PBXFileReference; lastKnownFileType = sourcecode.swift; path = EditView.swift; sourceTree = "<group>"; };
		B76956E62A01DEBF0040022B /* MagiTests.swift */ = {isa = PBXFileReference; lastKnownFileType = sourcecode.swift; path = MagiTests.swift; sourceTree = "<group>"; };
		B76956E92A0216320040022B /* Magi.swift */ = {isa = PBXFileReference; lastKnownFileType = sourcecode.swift; path = Magi.swift; sourceTree = "<group>"; };
		B7C8B3E829D7AF2800B53B01 /* MainAppView.swift */ = {isa = PBXFileReference; lastKnownFileType = sourcecode.swift; path = MainAppView.swift; sourceTree = "<group>"; };
		B7C8B3EA29D7AF7E00B53B01 /* ChatInputView.swift */ = {isa = PBXFileReference; lastKnownFileType = sourcecode.swift; path = ChatInputView.swift; sourceTree = "<group>"; };
		B7C8B3EC29D7AFA100B53B01 /* InteractionsView.swift */ = {isa = PBXFileReference; lastKnownFileType = sourcecode.swift; path = InteractionsView.swift; sourceTree = "<group>"; };
		B7C8B3EE29D7AFC900B53B01 /* ConversationView.swift */ = {isa = PBXFileReference; lastKnownFileType = sourcecode.swift; path = ConversationView.swift; sourceTree = "<group>"; };
		B7C8B3F029D7AFF600B53B01 /* PromptInjectorView.swift */ = {isa = PBXFileReference; lastKnownFileType = sourcecode.swift; path = PromptInjectorView.swift; sourceTree = "<group>"; };
		B7C8B3F229D9D88C00B53B01 /* Serializer.swift */ = {isa = PBXFileReference; lastKnownFileType = sourcecode.swift; path = Serializer.swift; sourceTree = "<group>"; };
		B7DBD15A29D13B9900776412 /* FileStorage.swift */ = {isa = PBXFileReference; lastKnownFileType = sourcecode.swift; path = FileStorage.swift; sourceTree = "<group>"; };
		B7DBD15C29D1404000776412 /* CodableAppStorage.swift */ = {isa = PBXFileReference; lastKnownFileType = sourcecode.swift; path = CodableAppStorage.swift; sourceTree = "<group>"; };
		B7EB2FB429DA34880049C4CA /* WithAssist-iOS.app */ = {isa = PBXFileReference; explicitFileType = wrapper.application; includeInIndex = 0; path = "WithAssist-iOS.app"; sourceTree = BUILT_PRODUCTS_DIR; };
/* End PBXFileReference section */

/* Begin PBXFrameworksBuildPhase section */
		B73CB06F29C662600047831E /* Frameworks */ = {
			isa = PBXFrameworksBuildPhase;
			buildActionMask = 2147483647;
			files = (
				B7B829F329DB993500550002 /* OpenAI in Frameworks */,
				B7EB2FBD29DA66E90049C4CA /* RichTextKit in Frameworks */,
			);
			runOnlyForDeploymentPostprocessing = 0;
		};
		B73CB08029C662610047831E /* Frameworks */ = {
			isa = PBXFrameworksBuildPhase;
			buildActionMask = 2147483647;
			files = (
			);
			runOnlyForDeploymentPostprocessing = 0;
		};
		B73CB08A29C662610047831E /* Frameworks */ = {
			isa = PBXFrameworksBuildPhase;
			buildActionMask = 2147483647;
			files = (
			);
			runOnlyForDeploymentPostprocessing = 0;
		};
		B7EB2FAC29DA34880049C4CA /* Frameworks */ = {
			isa = PBXFrameworksBuildPhase;
			buildActionMask = 2147483647;
			files = (
				B7C2DDF529DBFC2C006CDF39 /* OpenAI in Frameworks */,
				B7C2DDF329DBFC2C006CDF39 /* RichTextKit in Frameworks */,
			);
			runOnlyForDeploymentPostprocessing = 0;
		};
/* End PBXFrameworksBuildPhase section */

/* Begin PBXGroup section */
		B73CB06929C662600047831E = {
			isa = PBXGroup;
			children = (
				B7DBD15329D0D2BB00776412 /* Packages */,
				B73CB07429C662600047831E /* WithAssist */,
				B73CB08629C662610047831E /* WithAssistTests */,
				B73CB09029C662610047831E /* WithAssistUITests */,
				B73CB07329C662600047831E /* Products */,
				B7DBD15729D0D32400776412 /* Frameworks */,
			);
			sourceTree = "<group>";
		};
		B73CB07329C662600047831E /* Products */ = {
			isa = PBXGroup;
			children = (
				B73CB07229C662600047831E /* WithAssist.app */,
				B73CB08329C662610047831E /* WithAssistTests.xctest */,
				B73CB08D29C662610047831E /* WithAssistUITests.xctest */,
				B7EB2FB429DA34880049C4CA /* WithAssist-iOS.app */,
			);
			name = Products;
			sourceTree = "<group>";
		};
		B73CB07429C662600047831E /* WithAssist */ = {
			isa = PBXGroup;
			children = (
				B76956E82A0216280040022B /* Magi */,
				B73CB0A229C662890047831E /* Conversation */,
				B73CB0A129C6627E0047831E /* App */,
				B73CB0A029C662710047831E /* Views */,
				B73CB07929C662610047831E /* Assets.xcassets */,
				B73CB07B29C662610047831E /* WithAssist.entitlements */,
				B73CB07C29C662610047831E /* Preview Content */,
			);
			path = WithAssist;
			sourceTree = "<group>";
		};
		B73CB07C29C662610047831E /* Preview Content */ = {
			isa = PBXGroup;
			children = (
				B73CB07D29C662610047831E /* Preview Assets.xcassets */,
			);
			path = "Preview Content";
			sourceTree = "<group>";
		};
		B73CB08629C662610047831E /* WithAssistTests */ = {
			isa = PBXGroup;
			children = (
				B73CB08729C662610047831E /* WithAssistTests.swift */,
				B76956E62A01DEBF0040022B /* MagiTests.swift */,
			);
			path = WithAssistTests;
			sourceTree = "<group>";
		};
		B73CB09029C662610047831E /* WithAssistUITests */ = {
			isa = PBXGroup;
			children = (
				B73CB09129C662610047831E /* WithAssistUITests.swift */,
				B73CB09329C662610047831E /* WithAssistUITestsLaunchTests.swift */,
			);
			path = WithAssistUITests;
			sourceTree = "<group>";
		};
		B73CB0A029C662710047831E /* Views */ = {
			isa = PBXGroup;
			children = (
				B73CB07729C662600047831E /* ChatPreviews.swift */,
				B7C8B3F029D7AFF600B53B01 /* PromptInjectorView.swift */,
				B7C8B3EE29D7AFC900B53B01 /* ConversationView.swift */,
				B7C8B3EC29D7AFA100B53B01 /* InteractionsView.swift */,
				B7C8B3EA29D7AF7E00B53B01 /* ChatInputView.swift */,
				B7C8B3E829D7AF2800B53B01 /* MainAppView.swift */,
				B730F93F29D28867005808D6 /* SettingsView.swift */,
				B72A7A0329D5407300BE4163 /* SnapshotListView.swift */,
				B74CB94C29FC8F070070D163 /* EditView.swift */,
			);
			path = Views;
			sourceTree = "<group>";
		};
		B73CB0A129C6627E0047831E /* App */ = {
			isa = PBXGroup;
			children = (
				B73CB07529C662600047831E /* WithAssistApp.swift */,
			);
			path = App;
			sourceTree = "<group>";
		};
		B73CB0A229C662890047831E /* Conversation */ = {
			isa = PBXGroup;
			children = (
				B72A7A0129D53E7D00BE4163 /* AppError.swift */,
				B72A79FF29D539FA00BE4163 /* ChatController.swift */,
				B72A7A0729D66B2900BE4163 /* ChatControllerState.swift */,
				B72A7A0529D669A700BE4163 /* ChatRequest.swift */,
				B7DBD15C29D1404000776412 /* CodableAppStorage.swift */,
				B73CB0A329C662980047831E /* CoreConversation.swift */,
				B7DBD15A29D13B9900776412 /* FileStorage.swift */,
				B7C8B3F229D9D88C00B53B01 /* Serializer.swift */,
				B72A79FD29D5399E00BE4163 /* Snapshot.swift */,
				B7497FE229DBAF170030698A /* Tokens.swift */,
			);
			path = Conversation;
			sourceTree = "<group>";
		};
		B76956E82A0216280040022B /* Magi */ = {
			isa = PBXGroup;
			children = (
				B76956E92A0216320040022B /* Magi.swift */,
				B718E0EC2A05412F00EA29D4 /* MagiEntityStage.swift */,
				B718E0EA2A05410800EA29D4 /* Entity.swift */,
				B718E0E82A05409D00EA29D4 /* MagiView.swift */,
			);
			path = Magi;
			sourceTree = "<group>";
		};
		B7DBD15329D0D2BB00776412 /* Packages */ = {
			isa = PBXGroup;
			children = (
			);
			name = Packages;
			sourceTree = "<group>";
		};
		B7DBD15729D0D32400776412 /* Frameworks */ = {
			isa = PBXGroup;
			children = (
			);
			name = Frameworks;
			sourceTree = "<group>";
		};
/* End PBXGroup section */

/* Begin PBXNativeTarget section */
		B73CB07129C662600047831E /* WithAssist */ = {
			isa = PBXNativeTarget;
			buildConfigurationList = B73CB09729C662610047831E /* Build configuration list for PBXNativeTarget "WithAssist" */;
			buildPhases = (
				B73CB06E29C662600047831E /* Sources */,
				B73CB06F29C662600047831E /* Frameworks */,
				B73CB07029C662600047831E /* Resources */,
			);
			buildRules = (
			);
			dependencies = (
				B7DBD15629D0D31D00776412 /* PBXTargetDependency */,
			);
			name = WithAssist;
			packageProductDependencies = (
				B7EB2FBC29DA66E90049C4CA /* RichTextKit */,
				B7B829F229DB993500550002 /* OpenAI */,
			);
			productName = WithAssist;
			productReference = B73CB07229C662600047831E /* WithAssist.app */;
			productType = "com.apple.product-type.application";
		};
		B73CB08229C662610047831E /* WithAssistTests */ = {
			isa = PBXNativeTarget;
			buildConfigurationList = B73CB09A29C662610047831E /* Build configuration list for PBXNativeTarget "WithAssistTests" */;
			buildPhases = (
				B73CB07F29C662610047831E /* Sources */,
				B73CB08029C662610047831E /* Frameworks */,
				B73CB08129C662610047831E /* Resources */,
			);
			buildRules = (
			);
			dependencies = (
				B73CB08529C662610047831E /* PBXTargetDependency */,
			);
			name = WithAssistTests;
			productName = WithAssistTests;
			productReference = B73CB08329C662610047831E /* WithAssistTests.xctest */;
			productType = "com.apple.product-type.bundle.unit-test";
		};
		B73CB08C29C662610047831E /* WithAssistUITests */ = {
			isa = PBXNativeTarget;
			buildConfigurationList = B73CB09D29C662610047831E /* Build configuration list for PBXNativeTarget "WithAssistUITests" */;
			buildPhases = (
				B73CB08929C662610047831E /* Sources */,
				B73CB08A29C662610047831E /* Frameworks */,
				B73CB08B29C662610047831E /* Resources */,
			);
			buildRules = (
			);
			dependencies = (
				B73CB08F29C662610047831E /* PBXTargetDependency */,
			);
			name = WithAssistUITests;
			productName = WithAssistUITests;
			productReference = B73CB08D29C662610047831E /* WithAssistUITests.xctest */;
			productType = "com.apple.product-type.bundle.ui-testing";
		};
		B7EB2F9629DA34880049C4CA /* WithAssist-iOS */ = {
			isa = PBXNativeTarget;
			buildConfigurationList = B7EB2FB129DA34880049C4CA /* Build configuration list for PBXNativeTarget "WithAssist-iOS" */;
			buildPhases = (
				B7EB2F9929DA34880049C4CA /* Sources */,
				B7EB2FAC29DA34880049C4CA /* Frameworks */,
				B7EB2FAE29DA34880049C4CA /* Resources */,
			);
			buildRules = (
			);
			dependencies = (
				B7EB2F9729DA34880049C4CA /* PBXTargetDependency */,
			);
			name = "WithAssist-iOS";
			packageProductDependencies = (
				B7C2DDF229DBFC2C006CDF39 /* RichTextKit */,
				B7C2DDF429DBFC2C006CDF39 /* OpenAI */,
			);
			productName = WithAssist;
			productReference = B7EB2FB429DA34880049C4CA /* WithAssist-iOS.app */;
			productType = "com.apple.product-type.application";
		};
/* End PBXNativeTarget section */

/* Begin PBXProject section */
		B73CB06A29C662600047831E /* Project object */ = {
			isa = PBXProject;
			attributes = {
				BuildIndependentTargetsInParallel = 1;
				LastSwiftUpdateCheck = 1420;
				LastUpgradeCheck = 1420;
				TargetAttributes = {
					B73CB07129C662600047831E = {
						CreatedOnToolsVersion = 14.2;
					};
					B73CB08229C662610047831E = {
						CreatedOnToolsVersion = 14.2;
						TestTargetID = B73CB07129C662600047831E;
					};
					B73CB08C29C662610047831E = {
						CreatedOnToolsVersion = 14.2;
						TestTargetID = B73CB07129C662600047831E;
					};
				};
			};
			buildConfigurationList = B73CB06D29C662600047831E /* Build configuration list for PBXProject "WithAssist" */;
			compatibilityVersion = "Xcode 14.0";
			developmentRegion = en;
			hasScannedForEncodings = 0;
			knownRegions = (
				en,
				Base,
			);
			mainGroup = B73CB06929C662600047831E;
			packageReferences = (
				B7EB2FBB29DA66E90049C4CA /* XCRemoteSwiftPackageReference "RichTextKit" */,
				B7B829F129DB993500550002 /* XCRemoteSwiftPackageReference "OpenAI" */,
			);
			productRefGroup = B73CB07329C662600047831E /* Products */;
			projectDirPath = "";
			projectRoot = "";
			targets = (
				B73CB07129C662600047831E /* WithAssist */,
				B7EB2F9629DA34880049C4CA /* WithAssist-iOS */,
				B73CB08229C662610047831E /* WithAssistTests */,
				B73CB08C29C662610047831E /* WithAssistUITests */,
			);
		};
/* End PBXProject section */

/* Begin PBXResourcesBuildPhase section */
		B73CB07029C662600047831E /* Resources */ = {
			isa = PBXResourcesBuildPhase;
			buildActionMask = 2147483647;
			files = (
				B73CB07E29C662610047831E /* Preview Assets.xcassets in Resources */,
				B73CB07A29C662610047831E /* Assets.xcassets in Resources */,
			);
			runOnlyForDeploymentPostprocessing = 0;
		};
		B73CB08129C662610047831E /* Resources */ = {
			isa = PBXResourcesBuildPhase;
			buildActionMask = 2147483647;
			files = (
			);
			runOnlyForDeploymentPostprocessing = 0;
		};
		B73CB08B29C662610047831E /* Resources */ = {
			isa = PBXResourcesBuildPhase;
			buildActionMask = 2147483647;
			files = (
			);
			runOnlyForDeploymentPostprocessing = 0;
		};
		B7EB2FAE29DA34880049C4CA /* Resources */ = {
			isa = PBXResourcesBuildPhase;
			buildActionMask = 2147483647;
			files = (
				B7EB2FAF29DA34880049C4CA /* Preview Assets.xcassets in Resources */,
				B7EB2FB029DA34880049C4CA /* Assets.xcassets in Resources */,
			);
			runOnlyForDeploymentPostprocessing = 0;
		};
/* End PBXResourcesBuildPhase section */

/* Begin PBXSourcesBuildPhase section */
		B73CB06E29C662600047831E /* Sources */ = {
			isa = PBXSourcesBuildPhase;
			buildActionMask = 2147483647;
			files = (
				B73CB07829C662600047831E /* ChatPreviews.swift in Sources */,
				B7497FE329DBAF170030698A /* Tokens.swift in Sources */,
				B7C8B3F329D9D88C00B53B01 /* Serializer.swift in Sources */,
				B7DBD15D29D1404000776412 /* CodableAppStorage.swift in Sources */,
				B72A7A0229D53E7D00BE4163 /* AppError.swift in Sources */,
				B7C8B3ED29D7AFA100B53B01 /* InteractionsView.swift in Sources */,
				B74CB94D29FC8F070070D163 /* EditView.swift in Sources */,
				B72A7A0029D539FA00BE4163 /* ChatController.swift in Sources */,
				B7DBD15B29D13B9900776412 /* FileStorage.swift in Sources */,
				B7C8B3E929D7AF2800B53B01 /* MainAppView.swift in Sources */,
				B718E0EB2A05410800EA29D4 /* Entity.swift in Sources */,
				B718E0E92A05409D00EA29D4 /* MagiView.swift in Sources */,
				B7C8B3EF29D7AFC900B53B01 /* ConversationView.swift in Sources */,
				B730F94029D28867005808D6 /* SettingsView.swift in Sources */,
				B72A7A0629D669A700BE4163 /* ChatRequest.swift in Sources */,
				B72A7A0429D5407300BE4163 /* SnapshotListView.swift in Sources */,
				B73CB07629C662600047831E /* WithAssistApp.swift in Sources */,
				B76956EA2A0216320040022B /* Magi.swift in Sources */,
				B72A7A0829D66B2900BE4163 /* ChatControllerState.swift in Sources */,
				B73CB0A429C662980047831E /* CoreConversation.swift in Sources */,
				B7C8B3F129D7AFF600B53B01 /* PromptInjectorView.swift in Sources */,
				B72A79FE29D5399E00BE4163 /* Snapshot.swift in Sources */,
				B7C8B3EB29D7AF7E00B53B01 /* ChatInputView.swift in Sources */,
				B718E0ED2A05412F00EA29D4 /* MagiEntityStage.swift in Sources */,
			);
			runOnlyForDeploymentPostprocessing = 0;
		};
		B73CB07F29C662610047831E /* Sources */ = {
			isa = PBXSourcesBuildPhase;
			buildActionMask = 2147483647;
			files = (
				B76956E72A01DEBF0040022B /* MagiTests.swift in Sources */,
				B73CB08829C662610047831E /* WithAssistTests.swift in Sources */,
			);
			runOnlyForDeploymentPostprocessing = 0;
		};
		B73CB08929C662610047831E /* Sources */ = {
			isa = PBXSourcesBuildPhase;
			buildActionMask = 2147483647;
			files = (
				B73CB09229C662610047831E /* WithAssistUITests.swift in Sources */,
				B73CB09429C662610047831E /* WithAssistUITestsLaunchTests.swift in Sources */,
			);
			runOnlyForDeploymentPostprocessing = 0;
		};
		B7EB2F9929DA34880049C4CA /* Sources */ = {
			isa = PBXSourcesBuildPhase;
			buildActionMask = 2147483647;
			files = (
				B7EB2F9A29DA34880049C4CA /* ChatPreviews.swift in Sources */,
				B7497FE429DBAF210030698A /* Tokens.swift in Sources */,
				B7EB2F9B29DA34880049C4CA /* Serializer.swift in Sources */,
				B7EB2F9C29DA34880049C4CA /* CodableAppStorage.swift in Sources */,
				B7EB2F9D29DA34880049C4CA /* AppError.swift in Sources */,
				B7EB2F9E29DA34880049C4CA /* InteractionsView.swift in Sources */,
				B7A2410829FDD19D00C81BCF /* EditView.swift in Sources */,
				B7EB2F9F29DA34880049C4CA /* ChatController.swift in Sources */,
				B7EB2FA029DA34880049C4CA /* FileStorage.swift in Sources */,
				B7EB2FA129DA34880049C4CA /* MainAppView.swift in Sources */,
				B7EB2FA229DA34880049C4CA /* ConversationView.swift in Sources */,
				B7EB2FA329DA34880049C4CA /* SettingsView.swift in Sources */,
				B7EB2FA429DA34880049C4CA /* ChatRequest.swift in Sources */,
				B7EB2FA529DA34880049C4CA /* SnapshotListView.swift in Sources */,
				B7EB2FA629DA34880049C4CA /* WithAssistApp.swift in Sources */,
				B7EB2FA729DA34880049C4CA /* ChatControllerState.swift in Sources */,
				B7EB2FA829DA34880049C4CA /* CoreConversation.swift in Sources */,
				B7EB2FA929DA34880049C4CA /* PromptInjectorView.swift in Sources */,
				B7EB2FAA29DA34880049C4CA /* Snapshot.swift in Sources */,
				B7EB2FAB29DA34880049C4CA /* ChatInputView.swift in Sources */,
			);
			runOnlyForDeploymentPostprocessing = 0;
		};
/* End PBXSourcesBuildPhase section */

/* Begin PBXTargetDependency section */
		B73CB08529C662610047831E /* PBXTargetDependency */ = {
			isa = PBXTargetDependency;
			target = B73CB07129C662600047831E /* WithAssist */;
			targetProxy = B73CB08429C662610047831E /* PBXContainerItemProxy */;
		};
		B73CB08F29C662610047831E /* PBXTargetDependency */ = {
			isa = PBXTargetDependency;
			target = B73CB07129C662600047831E /* WithAssist */;
			targetProxy = B73CB08E29C662610047831E /* PBXContainerItemProxy */;
		};
		B7DBD15629D0D31D00776412 /* PBXTargetDependency */ = {
			isa = PBXTargetDependency;
			productRef = B7DBD15529D0D31D00776412 /* OpenAI */;
		};
		B7EB2F9729DA34880049C4CA /* PBXTargetDependency */ = {
			isa = PBXTargetDependency;
			productRef = B7DBD15529D0D31D00776412 /* OpenAI */;
		};
/* End PBXTargetDependency section */

/* Begin XCBuildConfiguration section */
		B73CB09529C662610047831E /* Debug */ = {
			isa = XCBuildConfiguration;
			buildSettings = {
				ALWAYS_SEARCH_USER_PATHS = NO;
				CLANG_ANALYZER_NONNULL = YES;
				CLANG_ANALYZER_NUMBER_OBJECT_CONVERSION = YES_AGGRESSIVE;
				CLANG_CXX_LANGUAGE_STANDARD = "gnu++20";
				CLANG_ENABLE_MODULES = YES;
				CLANG_ENABLE_OBJC_ARC = YES;
				CLANG_ENABLE_OBJC_WEAK = YES;
				CLANG_WARN_BLOCK_CAPTURE_AUTORELEASING = YES;
				CLANG_WARN_BOOL_CONVERSION = YES;
				CLANG_WARN_COMMA = YES;
				CLANG_WARN_CONSTANT_CONVERSION = YES;
				CLANG_WARN_DEPRECATED_OBJC_IMPLEMENTATIONS = YES;
				CLANG_WARN_DIRECT_OBJC_ISA_USAGE = YES_ERROR;
				CLANG_WARN_DOCUMENTATION_COMMENTS = YES;
				CLANG_WARN_EMPTY_BODY = YES;
				CLANG_WARN_ENUM_CONVERSION = YES;
				CLANG_WARN_INFINITE_RECURSION = YES;
				CLANG_WARN_INT_CONVERSION = YES;
				CLANG_WARN_NON_LITERAL_NULL_CONVERSION = YES;
				CLANG_WARN_OBJC_IMPLICIT_RETAIN_SELF = YES;
				CLANG_WARN_OBJC_LITERAL_CONVERSION = YES;
				CLANG_WARN_OBJC_ROOT_CLASS = YES_ERROR;
				CLANG_WARN_QUOTED_INCLUDE_IN_FRAMEWORK_HEADER = YES;
				CLANG_WARN_RANGE_LOOP_ANALYSIS = YES;
				CLANG_WARN_STRICT_PROTOTYPES = YES;
				CLANG_WARN_SUSPICIOUS_MOVE = YES;
				CLANG_WARN_UNGUARDED_AVAILABILITY = YES_AGGRESSIVE;
				CLANG_WARN_UNREACHABLE_CODE = YES;
				CLANG_WARN__DUPLICATE_METHOD_MATCH = YES;
				COPY_PHASE_STRIP = NO;
				DEBUG_INFORMATION_FORMAT = dwarf;
				ENABLE_STRICT_OBJC_MSGSEND = YES;
				ENABLE_TESTABILITY = YES;
				GCC_C_LANGUAGE_STANDARD = gnu11;
				GCC_DYNAMIC_NO_PIC = NO;
				GCC_NO_COMMON_BLOCKS = YES;
				GCC_OPTIMIZATION_LEVEL = 0;
				GCC_PREPROCESSOR_DEFINITIONS = (
					"DEBUG=1",
					"$(inherited)",
				);
				GCC_WARN_64_TO_32_BIT_CONVERSION = YES;
				GCC_WARN_ABOUT_RETURN_TYPE = YES_ERROR;
				GCC_WARN_UNDECLARED_SELECTOR = YES;
				GCC_WARN_UNINITIALIZED_AUTOS = YES_AGGRESSIVE;
				GCC_WARN_UNUSED_FUNCTION = YES;
				GCC_WARN_UNUSED_VARIABLE = YES;
				MTL_ENABLE_DEBUG_INFO = INCLUDE_SOURCE;
				MTL_FAST_MATH = YES;
				ONLY_ACTIVE_ARCH = YES;
				SWIFT_ACTIVE_COMPILATION_CONDITIONS = DEBUG;
				SWIFT_OPTIMIZATION_LEVEL = "-Onone";
			};
			name = Debug;
		};
		B73CB09629C662610047831E /* Release */ = {
			isa = XCBuildConfiguration;
			buildSettings = {
				ALWAYS_SEARCH_USER_PATHS = NO;
				CLANG_ANALYZER_NONNULL = YES;
				CLANG_ANALYZER_NUMBER_OBJECT_CONVERSION = YES_AGGRESSIVE;
				CLANG_CXX_LANGUAGE_STANDARD = "gnu++20";
				CLANG_ENABLE_MODULES = YES;
				CLANG_ENABLE_OBJC_ARC = YES;
				CLANG_ENABLE_OBJC_WEAK = YES;
				CLANG_WARN_BLOCK_CAPTURE_AUTORELEASING = YES;
				CLANG_WARN_BOOL_CONVERSION = YES;
				CLANG_WARN_COMMA = YES;
				CLANG_WARN_CONSTANT_CONVERSION = YES;
				CLANG_WARN_DEPRECATED_OBJC_IMPLEMENTATIONS = YES;
				CLANG_WARN_DIRECT_OBJC_ISA_USAGE = YES_ERROR;
				CLANG_WARN_DOCUMENTATION_COMMENTS = YES;
				CLANG_WARN_EMPTY_BODY = YES;
				CLANG_WARN_ENUM_CONVERSION = YES;
				CLANG_WARN_INFINITE_RECURSION = YES;
				CLANG_WARN_INT_CONVERSION = YES;
				CLANG_WARN_NON_LITERAL_NULL_CONVERSION = YES;
				CLANG_WARN_OBJC_IMPLICIT_RETAIN_SELF = YES;
				CLANG_WARN_OBJC_LITERAL_CONVERSION = YES;
				CLANG_WARN_OBJC_ROOT_CLASS = YES_ERROR;
				CLANG_WARN_QUOTED_INCLUDE_IN_FRAMEWORK_HEADER = YES;
				CLANG_WARN_RANGE_LOOP_ANALYSIS = YES;
				CLANG_WARN_STRICT_PROTOTYPES = YES;
				CLANG_WARN_SUSPICIOUS_MOVE = YES;
				CLANG_WARN_UNGUARDED_AVAILABILITY = YES_AGGRESSIVE;
				CLANG_WARN_UNREACHABLE_CODE = YES;
				CLANG_WARN__DUPLICATE_METHOD_MATCH = YES;
				COPY_PHASE_STRIP = NO;
				DEBUG_INFORMATION_FORMAT = "dwarf-with-dsym";
				ENABLE_NS_ASSERTIONS = NO;
				ENABLE_STRICT_OBJC_MSGSEND = YES;
				GCC_C_LANGUAGE_STANDARD = gnu11;
				GCC_NO_COMMON_BLOCKS = YES;
				GCC_WARN_64_TO_32_BIT_CONVERSION = YES;
				GCC_WARN_ABOUT_RETURN_TYPE = YES_ERROR;
				GCC_WARN_UNDECLARED_SELECTOR = YES;
				GCC_WARN_UNINITIALIZED_AUTOS = YES_AGGRESSIVE;
				GCC_WARN_UNUSED_FUNCTION = YES;
				GCC_WARN_UNUSED_VARIABLE = YES;
				MTL_ENABLE_DEBUG_INFO = NO;
				MTL_FAST_MATH = YES;
				SWIFT_COMPILATION_MODE = wholemodule;
				SWIFT_OPTIMIZATION_LEVEL = "-O";
			};
			name = Release;
		};
		B73CB09829C662610047831E /* Debug */ = {
			isa = XCBuildConfiguration;
			buildSettings = {
				ASSETCATALOG_COMPILER_APPICON_NAME = "AppIcon-macOS";
				ASSETCATALOG_COMPILER_GLOBAL_ACCENT_COLOR_NAME = AccentColor;
				CODE_SIGN_ENTITLEMENTS = WithAssist/WithAssist.entitlements;
				CODE_SIGN_STYLE = Automatic;
				CURRENT_PROJECT_VERSION = 1;
				DEVELOPMENT_ASSET_PATHS = "\"WithAssist/Preview Content\"";
				DEVELOPMENT_TEAM = XR2HQNSZ68;
				ENABLE_HARDENED_RUNTIME = YES;
				ENABLE_PREVIEWS = YES;
				GENERATE_INFOPLIST_FILE = YES;
				"INFOPLIST_KEY_UIApplicationSceneManifest_Generation[sdk=iphoneos*]" = YES;
				"INFOPLIST_KEY_UIApplicationSceneManifest_Generation[sdk=iphonesimulator*]" = YES;
				"INFOPLIST_KEY_UIApplicationSupportsIndirectInputEvents[sdk=iphoneos*]" = YES;
				"INFOPLIST_KEY_UIApplicationSupportsIndirectInputEvents[sdk=iphonesimulator*]" = YES;
				"INFOPLIST_KEY_UILaunchScreen_Generation[sdk=iphoneos*]" = YES;
				"INFOPLIST_KEY_UILaunchScreen_Generation[sdk=iphonesimulator*]" = YES;
				"INFOPLIST_KEY_UIStatusBarStyle[sdk=iphoneos*]" = UIStatusBarStyleDefault;
				"INFOPLIST_KEY_UIStatusBarStyle[sdk=iphonesimulator*]" = UIStatusBarStyleDefault;
				INFOPLIST_KEY_UISupportedInterfaceOrientations_iPad = "UIInterfaceOrientationPortrait UIInterfaceOrientationPortraitUpsideDown UIInterfaceOrientationLandscapeLeft UIInterfaceOrientationLandscapeRight";
				INFOPLIST_KEY_UISupportedInterfaceOrientations_iPhone = "UIInterfaceOrientationPortrait UIInterfaceOrientationLandscapeLeft UIInterfaceOrientationLandscapeRight";
				IPHONEOS_DEPLOYMENT_TARGET = 16.2;
				LD_RUNPATH_SEARCH_PATHS = "@executable_path/Frameworks";
				"LD_RUNPATH_SEARCH_PATHS[sdk=macosx*]" = "@executable_path/../Frameworks";
				MACOSX_DEPLOYMENT_TARGET = 13.1;
				MARKETING_VERSION = 1.0;
				PRODUCT_BUNDLE_IDENTIFIER = com.lugodev.WithAssist;
				PRODUCT_NAME = "$(TARGET_NAME)";
				SDKROOT = auto;
				SUPPORTED_PLATFORMS = "iphoneos iphonesimulator macosx";
				SWIFT_EMIT_LOC_STRINGS = YES;
				SWIFT_VERSION = 5.0;
				TARGETED_DEVICE_FAMILY = "1,2";
			};
			name = Debug;
		};
		B73CB09929C662610047831E /* Release */ = {
			isa = XCBuildConfiguration;
			buildSettings = {
				ASSETCATALOG_COMPILER_APPICON_NAME = "AppIcon-macOS";
				ASSETCATALOG_COMPILER_GLOBAL_ACCENT_COLOR_NAME = AccentColor;
				CODE_SIGN_ENTITLEMENTS = WithAssist/WithAssist.entitlements;
				CODE_SIGN_STYLE = Automatic;
				CURRENT_PROJECT_VERSION = 1;
				DEVELOPMENT_ASSET_PATHS = "\"WithAssist/Preview Content\"";
				DEVELOPMENT_TEAM = XR2HQNSZ68;
				ENABLE_HARDENED_RUNTIME = YES;
				ENABLE_PREVIEWS = YES;
				GENERATE_INFOPLIST_FILE = YES;
				"INFOPLIST_KEY_UIApplicationSceneManifest_Generation[sdk=iphoneos*]" = YES;
				"INFOPLIST_KEY_UIApplicationSceneManifest_Generation[sdk=iphonesimulator*]" = YES;
				"INFOPLIST_KEY_UIApplicationSupportsIndirectInputEvents[sdk=iphoneos*]" = YES;
				"INFOPLIST_KEY_UIApplicationSupportsIndirectInputEvents[sdk=iphonesimulator*]" = YES;
				"INFOPLIST_KEY_UILaunchScreen_Generation[sdk=iphoneos*]" = YES;
				"INFOPLIST_KEY_UILaunchScreen_Generation[sdk=iphonesimulator*]" = YES;
				"INFOPLIST_KEY_UIStatusBarStyle[sdk=iphoneos*]" = UIStatusBarStyleDefault;
				"INFOPLIST_KEY_UIStatusBarStyle[sdk=iphonesimulator*]" = UIStatusBarStyleDefault;
				INFOPLIST_KEY_UISupportedInterfaceOrientations_iPad = "UIInterfaceOrientationPortrait UIInterfaceOrientationPortraitUpsideDown UIInterfaceOrientationLandscapeLeft UIInterfaceOrientationLandscapeRight";
				INFOPLIST_KEY_UISupportedInterfaceOrientations_iPhone = "UIInterfaceOrientationPortrait UIInterfaceOrientationLandscapeLeft UIInterfaceOrientationLandscapeRight";
				IPHONEOS_DEPLOYMENT_TARGET = 16.2;
				LD_RUNPATH_SEARCH_PATHS = "@executable_path/Frameworks";
				"LD_RUNPATH_SEARCH_PATHS[sdk=macosx*]" = "@executable_path/../Frameworks";
				MACOSX_DEPLOYMENT_TARGET = 13.1;
				MARKETING_VERSION = 1.0;
				PRODUCT_BUNDLE_IDENTIFIER = com.lugodev.WithAssist;
				PRODUCT_NAME = "$(TARGET_NAME)";
				SDKROOT = auto;
				SUPPORTED_PLATFORMS = "iphoneos iphonesimulator macosx";
				SWIFT_EMIT_LOC_STRINGS = YES;
				SWIFT_VERSION = 5.0;
				TARGETED_DEVICE_FAMILY = "1,2";
			};
			name = Release;
		};
		B73CB09B29C662610047831E /* Debug */ = {
			isa = XCBuildConfiguration;
			buildSettings = {
				ALWAYS_EMBED_SWIFT_STANDARD_LIBRARIES = YES;
				BUNDLE_LOADER = "$(TEST_HOST)";
				CODE_SIGN_STYLE = Automatic;
				CURRENT_PROJECT_VERSION = 1;
				DEVELOPMENT_TEAM = XR2HQNSZ68;
				GENERATE_INFOPLIST_FILE = YES;
				IPHONEOS_DEPLOYMENT_TARGET = 16.2;
				MACOSX_DEPLOYMENT_TARGET = 13.1;
				MARKETING_VERSION = 1.0;
				PRODUCT_BUNDLE_IDENTIFIER = com.lugodev.WithAssistTests;
				PRODUCT_NAME = "$(TARGET_NAME)";
				SDKROOT = auto;
				SUPPORTED_PLATFORMS = "iphoneos iphonesimulator macosx";
				SWIFT_EMIT_LOC_STRINGS = NO;
				SWIFT_VERSION = 5.0;
				TARGETED_DEVICE_FAMILY = "1,2";
				TEST_HOST = "$(BUILT_PRODUCTS_DIR)/WithAssist.app/$(BUNDLE_EXECUTABLE_FOLDER_PATH)/WithAssist";
			};
			name = Debug;
		};
		B73CB09C29C662610047831E /* Release */ = {
			isa = XCBuildConfiguration;
			buildSettings = {
				ALWAYS_EMBED_SWIFT_STANDARD_LIBRARIES = YES;
				BUNDLE_LOADER = "$(TEST_HOST)";
				CODE_SIGN_STYLE = Automatic;
				CURRENT_PROJECT_VERSION = 1;
				DEVELOPMENT_TEAM = XR2HQNSZ68;
				GENERATE_INFOPLIST_FILE = YES;
				IPHONEOS_DEPLOYMENT_TARGET = 16.2;
				MACOSX_DEPLOYMENT_TARGET = 13.1;
				MARKETING_VERSION = 1.0;
				PRODUCT_BUNDLE_IDENTIFIER = com.lugodev.WithAssistTests;
				PRODUCT_NAME = "$(TARGET_NAME)";
				SDKROOT = auto;
				SUPPORTED_PLATFORMS = "iphoneos iphonesimulator macosx";
				SWIFT_EMIT_LOC_STRINGS = NO;
				SWIFT_VERSION = 5.0;
				TARGETED_DEVICE_FAMILY = "1,2";
				TEST_HOST = "$(BUILT_PRODUCTS_DIR)/WithAssist.app/$(BUNDLE_EXECUTABLE_FOLDER_PATH)/WithAssist";
			};
			name = Release;
		};
		B73CB09E29C662610047831E /* Debug */ = {
			isa = XCBuildConfiguration;
			buildSettings = {
				ALWAYS_EMBED_SWIFT_STANDARD_LIBRARIES = YES;
				CODE_SIGN_STYLE = Automatic;
				CURRENT_PROJECT_VERSION = 1;
				DEVELOPMENT_TEAM = XR2HQNSZ68;
				GENERATE_INFOPLIST_FILE = YES;
				IPHONEOS_DEPLOYMENT_TARGET = 16.2;
				MACOSX_DEPLOYMENT_TARGET = 13.1;
				MARKETING_VERSION = 1.0;
				PRODUCT_BUNDLE_IDENTIFIER = com.lugodev.WithAssistUITests;
				PRODUCT_NAME = "$(TARGET_NAME)";
				SDKROOT = auto;
				SUPPORTED_PLATFORMS = "iphoneos iphonesimulator macosx";
				SWIFT_EMIT_LOC_STRINGS = NO;
				SWIFT_VERSION = 5.0;
				TARGETED_DEVICE_FAMILY = "1,2";
				TEST_TARGET_NAME = WithAssist;
			};
			name = Debug;
		};
		B73CB09F29C662610047831E /* Release */ = {
			isa = XCBuildConfiguration;
			buildSettings = {
				ALWAYS_EMBED_SWIFT_STANDARD_LIBRARIES = YES;
				CODE_SIGN_STYLE = Automatic;
				CURRENT_PROJECT_VERSION = 1;
				DEVELOPMENT_TEAM = XR2HQNSZ68;
				GENERATE_INFOPLIST_FILE = YES;
				IPHONEOS_DEPLOYMENT_TARGET = 16.2;
				MACOSX_DEPLOYMENT_TARGET = 13.1;
				MARKETING_VERSION = 1.0;
				PRODUCT_BUNDLE_IDENTIFIER = com.lugodev.WithAssistUITests;
				PRODUCT_NAME = "$(TARGET_NAME)";
				SDKROOT = auto;
				SUPPORTED_PLATFORMS = "iphoneos iphonesimulator macosx";
				SWIFT_EMIT_LOC_STRINGS = NO;
				SWIFT_VERSION = 5.0;
				TARGETED_DEVICE_FAMILY = "1,2";
				TEST_TARGET_NAME = WithAssist;
			};
			name = Release;
		};
		B7EB2FB229DA34880049C4CA /* Debug */ = {
			isa = XCBuildConfiguration;
			buildSettings = {
				ASSETCATALOG_COMPILER_APPICON_NAME = "AppIcon-iOS";
				ASSETCATALOG_COMPILER_GLOBAL_ACCENT_COLOR_NAME = AccentColor;
				CODE_SIGN_ENTITLEMENTS = WithAssist/WithAssist.entitlements;
				CODE_SIGN_STYLE = Automatic;
				CURRENT_PROJECT_VERSION = 1;
				DEVELOPMENT_ASSET_PATHS = "\"WithAssist/Preview Content\"";
				DEVELOPMENT_TEAM = XR2HQNSZ68;
				ENABLE_HARDENED_RUNTIME = YES;
				ENABLE_PREVIEWS = YES;
				GENERATE_INFOPLIST_FILE = YES;
				"INFOPLIST_KEY_UIApplicationSceneManifest_Generation[sdk=iphoneos*]" = YES;
				"INFOPLIST_KEY_UIApplicationSceneManifest_Generation[sdk=iphonesimulator*]" = YES;
				"INFOPLIST_KEY_UIApplicationSupportsIndirectInputEvents[sdk=iphoneos*]" = YES;
				"INFOPLIST_KEY_UIApplicationSupportsIndirectInputEvents[sdk=iphonesimulator*]" = YES;
				"INFOPLIST_KEY_UILaunchScreen_Generation[sdk=iphoneos*]" = YES;
				"INFOPLIST_KEY_UILaunchScreen_Generation[sdk=iphonesimulator*]" = YES;
				"INFOPLIST_KEY_UIStatusBarStyle[sdk=iphoneos*]" = UIStatusBarStyleDefault;
				"INFOPLIST_KEY_UIStatusBarStyle[sdk=iphonesimulator*]" = UIStatusBarStyleDefault;
				INFOPLIST_KEY_UISupportedInterfaceOrientations_iPad = "UIInterfaceOrientationPortrait UIInterfaceOrientationPortraitUpsideDown UIInterfaceOrientationLandscapeLeft UIInterfaceOrientationLandscapeRight";
				INFOPLIST_KEY_UISupportedInterfaceOrientations_iPhone = "UIInterfaceOrientationPortrait UIInterfaceOrientationLandscapeLeft UIInterfaceOrientationLandscapeRight";
				IPHONEOS_DEPLOYMENT_TARGET = 16.2;
				LD_RUNPATH_SEARCH_PATHS = "@executable_path/Frameworks";
				"LD_RUNPATH_SEARCH_PATHS[sdk=macosx*]" = "@executable_path/../Frameworks";
				MACOSX_DEPLOYMENT_TARGET = 13.1;
				MARKETING_VERSION = 1.0;
				PRODUCT_BUNDLE_IDENTIFIER = com.lugodev.WithAssist;
				PRODUCT_NAME = "$(TARGET_NAME)";
				SDKROOT = auto;
				SUPPORTED_PLATFORMS = "iphoneos iphonesimulator macosx";
				SWIFT_EMIT_LOC_STRINGS = YES;
				SWIFT_VERSION = 5.0;
				TARGETED_DEVICE_FAMILY = "1,2";
			};
			name = Debug;
		};
		B7EB2FB329DA34880049C4CA /* Release */ = {
			isa = XCBuildConfiguration;
			buildSettings = {
				ASSETCATALOG_COMPILER_APPICON_NAME = "AppIcon-iOS";
				ASSETCATALOG_COMPILER_GLOBAL_ACCENT_COLOR_NAME = AccentColor;
				CODE_SIGN_ENTITLEMENTS = WithAssist/WithAssist.entitlements;
				CODE_SIGN_STYLE = Automatic;
				CURRENT_PROJECT_VERSION = 1;
				DEVELOPMENT_ASSET_PATHS = "\"WithAssist/Preview Content\"";
				DEVELOPMENT_TEAM = XR2HQNSZ68;
				ENABLE_HARDENED_RUNTIME = YES;
				ENABLE_PREVIEWS = YES;
				GENERATE_INFOPLIST_FILE = YES;
				"INFOPLIST_KEY_UIApplicationSceneManifest_Generation[sdk=iphoneos*]" = YES;
				"INFOPLIST_KEY_UIApplicationSceneManifest_Generation[sdk=iphonesimulator*]" = YES;
				"INFOPLIST_KEY_UIApplicationSupportsIndirectInputEvents[sdk=iphoneos*]" = YES;
				"INFOPLIST_KEY_UIApplicationSupportsIndirectInputEvents[sdk=iphonesimulator*]" = YES;
				"INFOPLIST_KEY_UILaunchScreen_Generation[sdk=iphoneos*]" = YES;
				"INFOPLIST_KEY_UILaunchScreen_Generation[sdk=iphonesimulator*]" = YES;
				"INFOPLIST_KEY_UIStatusBarStyle[sdk=iphoneos*]" = UIStatusBarStyleDefault;
				"INFOPLIST_KEY_UIStatusBarStyle[sdk=iphonesimulator*]" = UIStatusBarStyleDefault;
				INFOPLIST_KEY_UISupportedInterfaceOrientations_iPad = "UIInterfaceOrientationPortrait UIInterfaceOrientationPortraitUpsideDown UIInterfaceOrientationLandscapeLeft UIInterfaceOrientationLandscapeRight";
				INFOPLIST_KEY_UISupportedInterfaceOrientations_iPhone = "UIInterfaceOrientationPortrait UIInterfaceOrientationLandscapeLeft UIInterfaceOrientationLandscapeRight";
				IPHONEOS_DEPLOYMENT_TARGET = 16.2;
				LD_RUNPATH_SEARCH_PATHS = "@executable_path/Frameworks";
				"LD_RUNPATH_SEARCH_PATHS[sdk=macosx*]" = "@executable_path/../Frameworks";
				MACOSX_DEPLOYMENT_TARGET = 13.1;
				MARKETING_VERSION = 1.0;
				PRODUCT_BUNDLE_IDENTIFIER = com.lugodev.WithAssist;
				PRODUCT_NAME = "$(TARGET_NAME)";
				SDKROOT = auto;
				SUPPORTED_PLATFORMS = "iphoneos iphonesimulator macosx";
				SWIFT_EMIT_LOC_STRINGS = YES;
				SWIFT_VERSION = 5.0;
				TARGETED_DEVICE_FAMILY = "1,2";
			};
			name = Release;
		};
/* End XCBuildConfiguration section */

/* Begin XCConfigurationList section */
		B73CB06D29C662600047831E /* Build configuration list for PBXProject "WithAssist" */ = {
			isa = XCConfigurationList;
			buildConfigurations = (
				B73CB09529C662610047831E /* Debug */,
				B73CB09629C662610047831E /* Release */,
			);
			defaultConfigurationIsVisible = 0;
			defaultConfigurationName = Release;
		};
		B73CB09729C662610047831E /* Build configuration list for PBXNativeTarget "WithAssist" */ = {
			isa = XCConfigurationList;
			buildConfigurations = (
				B73CB09829C662610047831E /* Debug */,
				B73CB09929C662610047831E /* Release */,
			);
			defaultConfigurationIsVisible = 0;
			defaultConfigurationName = Release;
		};
		B73CB09A29C662610047831E /* Build configuration list for PBXNativeTarget "WithAssistTests" */ = {
			isa = XCConfigurationList;
			buildConfigurations = (
				B73CB09B29C662610047831E /* Debug */,
				B73CB09C29C662610047831E /* Release */,
			);
			defaultConfigurationIsVisible = 0;
			defaultConfigurationName = Release;
		};
		B73CB09D29C662610047831E /* Build configuration list for PBXNativeTarget "WithAssistUITests" */ = {
			isa = XCConfigurationList;
			buildConfigurations = (
				B73CB09E29C662610047831E /* Debug */,
				B73CB09F29C662610047831E /* Release */,
			);
			defaultConfigurationIsVisible = 0;
			defaultConfigurationName = Release;
		};
		B7EB2FB129DA34880049C4CA /* Build configuration list for PBXNativeTarget "WithAssist-iOS" */ = {
			isa = XCConfigurationList;
			buildConfigurations = (
				B7EB2FB229DA34880049C4CA /* Debug */,
				B7EB2FB329DA34880049C4CA /* Release */,
			);
			defaultConfigurationIsVisible = 0;
			defaultConfigurationName = Release;
		};
/* End XCConfigurationList section */

/* Begin XCRemoteSwiftPackageReference section */
		B7B829F129DB993500550002 /* XCRemoteSwiftPackageReference "OpenAI" */ = {
			isa = XCRemoteSwiftPackageReference;
			repositoryURL = "https://github.com/tikimcfee/OpenAI.git";
			requirement = {
				branch = main;
				kind = branch;
			};
		};
		B7EB2FBB29DA66E90049C4CA /* XCRemoteSwiftPackageReference "RichTextKit" */ = {
			isa = XCRemoteSwiftPackageReference;
			repositoryURL = "https://github.com/danielsaidi/RichTextKit.git";
			requirement = {
				branch = main;
				kind = branch;
			};
		};
/* End XCRemoteSwiftPackageReference section */

/* Begin XCSwiftPackageProductDependency section */
		B7B829F229DB993500550002 /* OpenAI */ = {
			isa = XCSwiftPackageProductDependency;
			package = B7B829F129DB993500550002 /* XCRemoteSwiftPackageReference "OpenAI" */;
			productName = OpenAI;
		};
		B7C2DDF229DBFC2C006CDF39 /* RichTextKit */ = {
			isa = XCSwiftPackageProductDependency;
			package = B7EB2FBB29DA66E90049C4CA /* XCRemoteSwiftPackageReference "RichTextKit" */;
			productName = RichTextKit;
		};
		B7C2DDF429DBFC2C006CDF39 /* OpenAI */ = {
			isa = XCSwiftPackageProductDependency;
			package = B7B829F129DB993500550002 /* XCRemoteSwiftPackageReference "OpenAI" */;
			productName = OpenAI;
		};
		B7DBD15529D0D31D00776412 /* OpenAI */ = {
			isa = XCSwiftPackageProductDependency;
			productName = OpenAI;
		};
		B7EB2FBC29DA66E90049C4CA /* RichTextKit */ = {
			isa = XCSwiftPackageProductDependency;
			package = B7EB2FBB29DA66E90049C4CA /* XCRemoteSwiftPackageReference "RichTextKit" */;
			productName = RichTextKit;
		};
/* End XCSwiftPackageProductDependency section */
	};
	rootObject = B73CB06A29C662600047831E /* Project object */;
}
