{
  "pins" : [
    {
      "identity" : "openai",
      "kind" : "remoteSourceControl",
      "location" : "https://github.com/tikimcfee/OpenAI.git",
      "state" : {
        "branch" : "main",
        "revision" : "51166d5d751e49a3c72063c388e7f855f7c96657"
      }
    },
    {
      "identity" : "richtextkit",
      "kind" : "remoteSourceControl",
      "location" : "https://github.com/danielsaidi/RichTextKit.git",
      "state" : {
        "branch" : "main",
        "revision" : "d97ddff95d391acfeaae8cafa29021587ae3460d"
      }
    }
  ],
  "version" : 2
}
