{
  "pins" : [
    {
      "identity" : "openai",
      "kind" : "remoteSourceControl",
      "location" : "https://github.com/tikimcfee/OpenAI.git",
      "state" : {
        "branch" : "main",
        "revision" : "6c882e5bfa00f2153b01f3412748cc7bcfe3516d"
      }
    },
    {
      "identity" : "richtextkit",
      "kind" : "remoteSourceControl",
      "location" : "https://github.com/danielsaidi/RichTextKit.git",
      "state" : {
        "branch" : "main",
        "revision" : "d97ddff95d391acfeaae8cafa29021587ae3460d"
      }
    }
  ],
  "version" : 2
}
